
Microsoft Visual Studio Solution File, Format Version 12.00
# Visual Studio Version 16
VisualStudioVersion = 16.0.30804.86
MinimumVisualStudioVersion = 10.0.40219.1
Project("{FAE04EC0-301F-11D3-BF4B-00C04F79EFBC}") = "KvizApp", "KvizApp\KvizApp.csproj", "{D9DACE09-25C5-4E90-861C-A9A3351282D3}"
EndProject
Global
	GlobalSection(SolutionConfigurationPlatforms) = preSolution
		Debug|Any CPU = Debug|Any CPU
		Release|Any CPU = Release|Any CPU
	EndGlobalSection
	GlobalSection(ProjectConfigurationPlatforms) = postSolution
		{D9DACE09-25C5-4E90-861C-A9A3351282D3}.Debug|Any CPU.ActiveCfg = Debug|Any CPU
		{D9DACE09-25C5-4E90-861C-A9A3351282D3}.Debug|Any CPU.Build.0 = Debug|Any CPU
		{D9DACE09-25C5-4E90-861C-A9A3351282D3}.Release|Any CPU.ActiveCfg = Release|Any CPU
		{D9DACE09-25C5-4E90-861C-A9A3351282D3}.Release|Any CPU.Build.0 = Release|Any CPU
	EndGlobalSection
	GlobalSection(SolutionProperties) = preSolution
		HideSolutionNode = FALSE
	EndGlobalSection
	GlobalSection(ExtensibilityGlobals) = postSolution
		SolutionGuid = {03E40481-91EB-4986-BB32-918250B7A7F9}
	EndGlobalSection
EndGlobal
